
Microsoft Visual Studio Solution File, Format Version 12.00
# Visual Studio Version 17
VisualStudioVersion = 17.9.34728.123
MinimumVisualStudioVersion = 10.0.40219.1
Project("{9A19103F-16F7-4668-BE54-9A1E7A4F7556}") = "PharmacyClient", "PharmacyClient\PharmacyClient.csproj", "{886F89CF-2141-411D-AE43-3306F14B9CF5}"
EndProject
Project("{54435603-DBB4-11D2-8724-00A0C9A8B90C}") = "Setup1", "Setup1\Setup1.vdproj", "{79BF550B-8E24-42F1-8C0B-64022109252E}"
EndProject
Global
	GlobalSection(SolutionConfigurationPlatforms) = preSolution
		Debug|Any CPU = Debug|Any CPU
		Release|Any CPU = Release|Any CPU
	EndGlobalSection
	GlobalSection(ProjectConfigurationPlatforms) = postSolution
		{886F89CF-2141-411D-AE43-3306F14B9CF5}.Debug|Any CPU.ActiveCfg = Debug|Any CPU
		{886F89CF-2141-411D-AE43-3306F14B9CF5}.Debug|Any CPU.Build.0 = Debug|Any CPU
		{886F89CF-2141-411D-AE43-3306F14B9CF5}.Release|Any CPU.ActiveCfg = Release|Any CPU
		{886F89CF-2141-411D-AE43-3306F14B9CF5}.Release|Any CPU.Build.0 = Release|Any CPU
		{79BF550B-8E24-42F1-8C0B-64022109252E}.Debug|Any CPU.ActiveCfg = Debug
		{79BF550B-8E24-42F1-8C0B-64022109252E}.Release|Any CPU.ActiveCfg = Release
	EndGlobalSection
	GlobalSection(SolutionProperties) = preSolution
		HideSolutionNode = FALSE
	EndGlobalSection
	GlobalSection(ExtensibilityGlobals) = postSolution
		SolutionGuid = {BDABAF98-4297-4C1D-97CC-0C9EC1B0D9A6}
	EndGlobalSection
EndGlobal
